
Microsoft Visual Studio Solution File, Format Version 12.00
# Visual Studio 15
VisualStudioVersion = 15.0.28307.329
MinimumVisualStudioVersion = 10.0.40219.1
Project("{FAE04EC0-301F-11D3-BF4B-00C04F79EFBC}") = "GoogleTests", "GoogleTests\GoogleTests.csproj", "{4A8A0847-77D9-4690-8341-B30292BCE2A4}"
EndProject
Project("{FAE04EC0-301F-11D3-BF4B-00C04F79EFBC}") = "GoogleTestsSpecflow", "GoogleTestsSpecflow\GoogleTestsSpecflow.csproj", "{6D6103C4-9A2C-4D68-AAD9-BCA825A00373}"
EndProject
Global
	GlobalSection(SolutionConfigurationPlatforms) = preSolution
		Debug|Any CPU = Debug|Any CPU
		Release|Any CPU = Release|Any CPU
	EndGlobalSection
	GlobalSection(ProjectConfigurationPlatforms) = postSolution
		{4A8A0847-77D9-4690-8341-B30292BCE2A4}.Debug|Any CPU.ActiveCfg = Debug|Any CPU
		{4A8A0847-77D9-4690-8341-B30292BCE2A4}.Debug|Any CPU.Build.0 = Debug|Any CPU
		{4A8A0847-77D9-4690-8341-B30292BCE2A4}.Release|Any CPU.ActiveCfg = Release|Any CPU
		{4A8A0847-77D9-4690-8341-B30292BCE2A4}.Release|Any CPU.Build.0 = Release|Any CPU
		{6D6103C4-9A2C-4D68-AAD9-BCA825A00373}.Debug|Any CPU.ActiveCfg = Debug|Any CPU
		{6D6103C4-9A2C-4D68-AAD9-BCA825A00373}.Debug|Any CPU.Build.0 = Debug|Any CPU
		{6D6103C4-9A2C-4D68-AAD9-BCA825A00373}.Release|Any CPU.ActiveCfg = Release|Any CPU
		{6D6103C4-9A2C-4D68-AAD9-BCA825A00373}.Release|Any CPU.Build.0 = Release|Any CPU
	EndGlobalSection
	GlobalSection(SolutionProperties) = preSolution
		HideSolutionNode = FALSE
	EndGlobalSection
	GlobalSection(ExtensibilityGlobals) = postSolution
		SolutionGuid = {AB8F7A2B-5076-48C2-A92C-A7B91B3E9DE7}
	EndGlobalSection
EndGlobal
